{
  "name": "yaml-minifier",
  "lockfileVersion": 3,
  "requires": true,
  "packages": {
    "": {
      "dependencies": {
        "yaml": "^2.4.3"
      }
    },
    "node_modules/yaml": {
      "version": "2.4.3",
      "resolved": "https://registry.npmjs.org/yaml/-/yaml-2.4.3.tgz",
      "integrity": "sha512-sntgmxj8o7DE7g/Qi60cqpLBA3HG3STcDA0kO+WfB05jEKhZMbY7umNm2rBpQvsmZ16/lPXCJGW2672dgOUkrg==",
      "bin": {
        "yaml": "bin.mjs"
      },
      "engines": {
        "node": ">= 14"
      }
    }
  }
}
